
Microsoft Visual Studio Solution File, Format Version 12.00
# Visual Studio Version 16
VisualStudioVersion = 16.0.30907.101
MinimumVisualStudioVersion = 10.0.40219.1
Project("{8BC9CEB8-8B4A-11D0-8D11-00A0C91BC942}") = "datatypetest1", "datatypetest1\datatypetest1.vcxproj", "{F33C5FAD-E6ED-4089-9566-1113D3CDFA7C}"
EndProject
Global
	GlobalSection(SolutionConfigurationPlatforms) = preSolution
		Debug|x64 = Debug|x64
		Debug|x86 = Debug|x86
		Release|x64 = Release|x64
		Release|x86 = Release|x86
	EndGlobalSection
	GlobalSection(ProjectConfigurationPlatforms) = postSolution
		{F33C5FAD-E6ED-4089-9566-1113D3CDFA7C}.Debug|x64.ActiveCfg = Debug|x64
		{F33C5FAD-E6ED-4089-9566-1113D3CDFA7C}.Debug|x64.Build.0 = Debug|x64
		{F33C5FAD-E6ED-4089-9566-1113D3CDFA7C}.Debug|x86.ActiveCfg = Debug|Win32
		{F33C5FAD-E6ED-4089-9566-1113D3CDFA7C}.Debug|x86.Build.0 = Debug|Win32
		{F33C5FAD-E6ED-4089-9566-1113D3CDFA7C}.Release|x64.ActiveCfg = Release|x64
		{F33C5FAD-E6ED-4089-9566-1113D3CDFA7C}.Release|x64.Build.0 = Release|x64
		{F33C5FAD-E6ED-4089-9566-1113D3CDFA7C}.Release|x86.ActiveCfg = Release|Win32
		{F33C5FAD-E6ED-4089-9566-1113D3CDFA7C}.Release|x86.Build.0 = Release|Win32
	EndGlobalSection
	GlobalSection(SolutionProperties) = preSolution
		HideSolutionNode = FALSE
	EndGlobalSection
	GlobalSection(ExtensibilityGlobals) = postSolution
		SolutionGuid = {EF4F62DF-3D13-44CF-A76D-FEB81FDB6288}
	EndGlobalSection
EndGlobal
